
Microsoft Visual Studio Solution File, Format Version 12.00
# Visual Studio Version 17
VisualStudioVersion = 17.10.35013.160
MinimumVisualStudioVersion = 10.0.40219.1
Project("{FAE04EC0-301F-11D3-BF4B-00C04F79EFBC}") = "Exo01", "Exo01\Exo01.csproj", "{4E2B4F96-2575-4BFE-B828-5C5527BAFC23}"
EndProject
Global
	GlobalSection(SolutionConfigurationPlatforms) = preSolution
		Debug|Any CPU = Debug|Any CPU
		Release|Any CPU = Release|Any CPU
	EndGlobalSection
	GlobalSection(ProjectConfigurationPlatforms) = postSolution
		{4E2B4F96-2575-4BFE-B828-5C5527BAFC23}.Debug|Any CPU.ActiveCfg = Debug|Any CPU
		{4E2B4F96-2575-4BFE-B828-5C5527BAFC23}.Debug|Any CPU.Build.0 = Debug|Any CPU
		{4E2B4F96-2575-4BFE-B828-5C5527BAFC23}.Release|Any CPU.ActiveCfg = Release|Any CPU
		{4E2B4F96-2575-4BFE-B828-5C5527BAFC23}.Release|Any CPU.Build.0 = Release|Any CPU
	EndGlobalSection
	GlobalSection(SolutionProperties) = preSolution
		HideSolutionNode = FALSE
	EndGlobalSection
	GlobalSection(ExtensibilityGlobals) = postSolution
		SolutionGuid = {A3F3C91D-C089-4C48-A955-FB5BEC03ECD5}
	EndGlobalSection
EndGlobal
